
Microsoft Visual Studio Solution File, Format Version 12.00
# Visual Studio Version 16
VisualStudioVersion = 16.0.31729.503
MinimumVisualStudioVersion = 10.0.40219.1
Project("{FAE04EC0-301F-11D3-BF4B-00C04F79EFBC}") = "CapitalizationAPP", "CapitalizationAPP\CapitalizationAPP.csproj", "{DEFBD01F-88AE-428B-A412-171FD1FC8CD5}"
EndProject
Global
	GlobalSection(SolutionConfigurationPlatforms) = preSolution
		Debug|Any CPU = Debug|Any CPU
		Release|Any CPU = Release|Any CPU
	EndGlobalSection
	GlobalSection(ProjectConfigurationPlatforms) = postSolution
		{DEFBD01F-88AE-428B-A412-171FD1FC8CD5}.Debug|Any CPU.ActiveCfg = Debug|Any CPU
		{DEFBD01F-88AE-428B-A412-171FD1FC8CD5}.Debug|Any CPU.Build.0 = Debug|Any CPU
		{DEFBD01F-88AE-428B-A412-171FD1FC8CD5}.Release|Any CPU.ActiveCfg = Release|Any CPU
		{DEFBD01F-88AE-428B-A412-171FD1FC8CD5}.Release|Any CPU.Build.0 = Release|Any CPU
	EndGlobalSection
	GlobalSection(SolutionProperties) = preSolution
		HideSolutionNode = FALSE
	EndGlobalSection
	GlobalSection(ExtensibilityGlobals) = postSolution
		SolutionGuid = {80C533F6-A352-43DF-B9F3-1155827D0DB7}
	EndGlobalSection
EndGlobal
